
Microsoft Visual Studio Solution File, Format Version 12.00
# Visual Studio Version 16
VisualStudioVersion = 16.0.30517.126
MinimumVisualStudioVersion = 10.0.40219.1
Project("{FAE04EC0-301F-11D3-BF4B-00C04F79EFBC}") = "Laboratorio1_MVC_Lizarraga", "Laboratorio1_MVC_Lizarraga.csproj", "{7058A889-16D4-48AD-B7E3-05667F3BCA99}"
EndProject
Global
	GlobalSection(SolutionConfigurationPlatforms) = preSolution
		Debug|Any CPU = Debug|Any CPU
		Release|Any CPU = Release|Any CPU
	EndGlobalSection
	GlobalSection(ProjectConfigurationPlatforms) = postSolution
		{7058A889-16D4-48AD-B7E3-05667F3BCA99}.Debug|Any CPU.ActiveCfg = Debug|Any CPU
		{7058A889-16D4-48AD-B7E3-05667F3BCA99}.Debug|Any CPU.Build.0 = Debug|Any CPU
		{7058A889-16D4-48AD-B7E3-05667F3BCA99}.Release|Any CPU.ActiveCfg = Release|Any CPU
		{7058A889-16D4-48AD-B7E3-05667F3BCA99}.Release|Any CPU.Build.0 = Release|Any CPU
	EndGlobalSection
	GlobalSection(SolutionProperties) = preSolution
		HideSolutionNode = FALSE
	EndGlobalSection
	GlobalSection(ExtensibilityGlobals) = postSolution
		SolutionGuid = {5688AF63-ADB0-43D4-9534-36DEA627F36A}
	EndGlobalSection
EndGlobal
