
Microsoft Visual Studio Solution File, Format Version 12.00
# Visual Studio Version 16
VisualStudioVersion = 16.0.30621.155
MinimumVisualStudioVersion = 10.0.40219.1
Project("{FAE04EC0-301F-11D3-BF4B-00C04F79EFBC}") = "WS_Cliente_WebForms", "WS_Cliente_WebForms.csproj", "{754C7BCC-7AE6-4EEE-84E3-45224590FC0E}"
EndProject
Global
	GlobalSection(SolutionConfigurationPlatforms) = preSolution
		Debug|Any CPU = Debug|Any CPU
		Release|Any CPU = Release|Any CPU
	EndGlobalSection
	GlobalSection(ProjectConfigurationPlatforms) = postSolution
		{754C7BCC-7AE6-4EEE-84E3-45224590FC0E}.Debug|Any CPU.ActiveCfg = Debug|Any CPU
		{754C7BCC-7AE6-4EEE-84E3-45224590FC0E}.Debug|Any CPU.Build.0 = Debug|Any CPU
		{754C7BCC-7AE6-4EEE-84E3-45224590FC0E}.Release|Any CPU.ActiveCfg = Release|Any CPU
		{754C7BCC-7AE6-4EEE-84E3-45224590FC0E}.Release|Any CPU.Build.0 = Release|Any CPU
	EndGlobalSection
	GlobalSection(SolutionProperties) = preSolution
		HideSolutionNode = FALSE
	EndGlobalSection
	GlobalSection(ExtensibilityGlobals) = postSolution
		SolutionGuid = {F9D70CB7-DA99-465B-B815-7CF60F4FC7C9}
	EndGlobalSection
EndGlobal
