
Microsoft Visual Studio Solution File, Format Version 12.00
# Visual Studio Version 16
VisualStudioVersion = 16.0.30621.155
MinimumVisualStudioVersion = 10.0.40219.1
Project("{FAE04EC0-301F-11D3-BF4B-00C04F79EFBC}") = "Laboratorio_LINQ-Arrays_MVC_Lizarraga", "Laboratorio_LINQ-Arrays_MVC_Lizarraga.csproj", "{E9627364-7395-4D76-A7EA-C690241364BA}"
EndProject
Global
	GlobalSection(SolutionConfigurationPlatforms) = preSolution
		Debug|Any CPU = Debug|Any CPU
		Release|Any CPU = Release|Any CPU
	EndGlobalSection
	GlobalSection(ProjectConfigurationPlatforms) = postSolution
		{E9627364-7395-4D76-A7EA-C690241364BA}.Debug|Any CPU.ActiveCfg = Debug|Any CPU
		{E9627364-7395-4D76-A7EA-C690241364BA}.Debug|Any CPU.Build.0 = Debug|Any CPU
		{E9627364-7395-4D76-A7EA-C690241364BA}.Release|Any CPU.ActiveCfg = Release|Any CPU
		{E9627364-7395-4D76-A7EA-C690241364BA}.Release|Any CPU.Build.0 = Release|Any CPU
	EndGlobalSection
	GlobalSection(SolutionProperties) = preSolution
		HideSolutionNode = FALSE
	EndGlobalSection
	GlobalSection(ExtensibilityGlobals) = postSolution
		SolutionGuid = {DCD901B4-837B-42CA-AF8D-C121337624F7}
	EndGlobalSection
EndGlobal
