
Microsoft Visual Studio Solution File, Format Version 12.00
# Visual Studio Version 16
VisualStudioVersion = 16.0.30621.155
MinimumVisualStudioVersion = 10.0.40219.1
Project("{FAE04EC0-301F-11D3-BF4B-00C04F79EFBC}") = "Laboratorio5_LINQ_Lizarraga", "Laboratorio5_LINQ_Lizarraga.csproj", "{387A34B5-2C64-4037-A4E3-8E8573CEFF9C}"
EndProject
Global
	GlobalSection(SolutionConfigurationPlatforms) = preSolution
		Debug|Any CPU = Debug|Any CPU
		Release|Any CPU = Release|Any CPU
	EndGlobalSection
	GlobalSection(ProjectConfigurationPlatforms) = postSolution
		{387A34B5-2C64-4037-A4E3-8E8573CEFF9C}.Debug|Any CPU.ActiveCfg = Debug|Any CPU
		{387A34B5-2C64-4037-A4E3-8E8573CEFF9C}.Debug|Any CPU.Build.0 = Debug|Any CPU
		{387A34B5-2C64-4037-A4E3-8E8573CEFF9C}.Release|Any CPU.ActiveCfg = Release|Any CPU
		{387A34B5-2C64-4037-A4E3-8E8573CEFF9C}.Release|Any CPU.Build.0 = Release|Any CPU
	EndGlobalSection
	GlobalSection(SolutionProperties) = preSolution
		HideSolutionNode = FALSE
	EndGlobalSection
	GlobalSection(ExtensibilityGlobals) = postSolution
		SolutionGuid = {E992FA92-B7A2-4143-9137-D308DA095338}
	EndGlobalSection
EndGlobal
